{
  "name": "test",
  "lockfileVersion": 2,
  "requires": true,
  "packages": {
    "": {
      "name": "test",
      "dependencies": {
        "@fontsource/montserrat": "^4.5.5"
      },
      "devDependencies": {
        "minista": "file:..",
        "react": "^17.0.2",
        "react-dom": "^17.0.2"
      }
    },
    "..": {
      "version": "2.0.0-alpha.3",
      "dev": true,
      "license": "MIT",
      "dependencies": {
        "@mdx-js/esbuild": "^2.0.0",
        "@mdx-js/react": "^2.0.0",
        "@mdx-js/rollup": "^2.0.0",
        "@vitejs/plugin-react": "^1.2.0",
        "cac": "^6.7.12",
        "esbuild": "^0.14.23",
        "fs-extra": "^10.0.0",
        "js-beautify": "^1.14.0",
        "node-fetch": "^3.2.0",
        "picocolors": "^1.0.0",
        "react-helmet": "^6.1.0",
        "react-router-dom": "^6.2.1",
        "remark-frontmatter": "^4.0.1",
        "remark-gfm": "^3.0.1",
        "remark-highlight.js": "^7.0.1",
        "remark-mdx-frontmatter": "^1.1.1",
        "tiny-glob": "^0.2.9",
        "vite": "^2.8.4"
      },
      "bin": {
        "minista": "bin/minista.js"
      },
      "devDependencies": {
        "@types/fs-extra": "^9.0.13",
        "@types/js-beautify": "^1.13.3",
        "@types/node": "^17.0.18",
        "@types/react": "^17.0.39",
        "@types/react-dom": "^17.0.11",
        "@types/react-helmet": "^6.1.5",
        "react": "^17.0.2",
        "react-dom": "^17.0.2",
        "tsup": "^5.11.13",
        "typescript": "^4.5.5"
      },
      "peerDependencies": {
        "react": "^17.0.2",
        "react-dom": "^17.0.2"
      }
    },
    "node_modules/@fontsource/montserrat": {
      "version": "4.5.5",
      "resolved": "https://registry.npmjs.org/@fontsource/montserrat/-/montserrat-4.5.5.tgz",
      "integrity": "sha512-JEFI803levuRx3D0Lry4WoM/Azrc3xpHlogi2022Y8ykaAenXvrjMym2BVU1W5QsuRIL86vrSUaxchO7Vk4CIw=="
    },
    "node_modules/js-tokens": {
      "version": "4.0.0",
      "resolved": "https://registry.npmjs.org/js-tokens/-/js-tokens-4.0.0.tgz",
      "integrity": "sha512-RdJUflcE3cUzKiMqQgsCu06FPu9UdIJO0beYbPhHN4k6apgJtifcoCtT9bcxOpYBtpD2kCM6Sbzg4CausW/PKQ==",
      "dev": true
    },
    "node_modules/loose-envify": {
      "version": "1.4.0",
      "resolved": "https://registry.npmjs.org/loose-envify/-/loose-envify-1.4.0.tgz",
      "integrity": "sha512-lyuxPGr/Wfhrlem2CL/UcnUc1zcqKAImBDzukY7Y5F/yQiNdko6+fRLevlw1HgMySw7f611UIY408EtxRSoK3Q==",
      "dev": true,
      "dependencies": {
        "js-tokens": "^3.0.0 || ^4.0.0"
      },
      "bin": {
        "loose-envify": "cli.js"
      }
    },
    "node_modules/minista": {
      "resolved": "..",
      "link": true
    },
    "node_modules/object-assign": {
      "version": "4.1.1",
      "resolved": "https://registry.npmjs.org/object-assign/-/object-assign-4.1.1.tgz",
      "integrity": "sha1-IQmtx5ZYh8/AXLvUQsrIv7s2CGM=",
      "dev": true,
      "engines": {
        "node": ">=0.10.0"
      }
    },
    "node_modules/react": {
      "version": "17.0.2",
      "resolved": "https://registry.npmjs.org/react/-/react-17.0.2.tgz",
      "integrity": "sha512-gnhPt75i/dq/z3/6q/0asP78D0u592D5L1pd7M8P+dck6Fu/jJeL6iVVK23fptSUZj8Vjf++7wXA8UNclGQcbA==",
      "dev": true,
      "dependencies": {
        "loose-envify": "^1.1.0",
        "object-assign": "^4.1.1"
      },
      "engines": {
        "node": ">=0.10.0"
      }
    },
    "node_modules/react-dom": {
      "version": "17.0.2",
      "resolved": "https://registry.npmjs.org/react-dom/-/react-dom-17.0.2.tgz",
      "integrity": "sha512-s4h96KtLDUQlsENhMn1ar8t2bEa+q/YAtj8pPPdIjPDGBDIVNsrD9aXNWqspUe6AzKCIG0C1HZZLqLV7qpOBGA==",
      "dev": true,
      "dependencies": {
        "loose-envify": "^1.1.0",
        "object-assign": "^4.1.1",
        "scheduler": "^0.20.2"
      },
      "peerDependencies": {
        "react": "17.0.2"
      }
    },
    "node_modules/scheduler": {
      "version": "0.20.2",
      "resolved": "https://registry.npmjs.org/scheduler/-/scheduler-0.20.2.tgz",
      "integrity": "sha512-2eWfGgAqqWFGqtdMmcL5zCMK1U8KlXv8SQFGglL3CEtd0aDVDWgeF/YoCmvln55m5zSk3J/20hTaSBeSObsQDQ==",
      "dev": true,
      "dependencies": {
        "loose-envify": "^1.1.0",
        "object-assign": "^4.1.1"
      }
    }
  },
  "dependencies": {
    "@fontsource/montserrat": {
      "version": "4.5.5",
      "resolved": "https://registry.npmjs.org/@fontsource/montserrat/-/montserrat-4.5.5.tgz",
      "integrity": "sha512-JEFI803levuRx3D0Lry4WoM/Azrc3xpHlogi2022Y8ykaAenXvrjMym2BVU1W5QsuRIL86vrSUaxchO7Vk4CIw=="
    },
    "js-tokens": {
      "version": "4.0.0",
      "resolved": "https://registry.npmjs.org/js-tokens/-/js-tokens-4.0.0.tgz",
      "integrity": "sha512-RdJUflcE3cUzKiMqQgsCu06FPu9UdIJO0beYbPhHN4k6apgJtifcoCtT9bcxOpYBtpD2kCM6Sbzg4CausW/PKQ==",
      "dev": true
    },
    "loose-envify": {
      "version": "1.4.0",
      "resolved": "https://registry.npmjs.org/loose-envify/-/loose-envify-1.4.0.tgz",
      "integrity": "sha512-lyuxPGr/Wfhrlem2CL/UcnUc1zcqKAImBDzukY7Y5F/yQiNdko6+fRLevlw1HgMySw7f611UIY408EtxRSoK3Q==",
      "dev": true,
      "requires": {
        "js-tokens": "^3.0.0 || ^4.0.0"
      }
    },
    "minista": {
      "version": "file:..",
      "requires": {
        "@mdx-js/esbuild": "^2.0.0",
        "@mdx-js/react": "^2.0.0",
        "@mdx-js/rollup": "^2.0.0",
        "@types/fs-extra": "^9.0.13",
        "@types/js-beautify": "^1.13.3",
        "@types/node": "^17.0.18",
        "@types/react": "^17.0.39",
        "@types/react-dom": "^17.0.11",
        "@types/react-helmet": "^6.1.5",
        "@vitejs/plugin-react": "^1.2.0",
        "cac": "^6.7.12",
        "esbuild": "^0.14.23",
        "fs-extra": "^10.0.0",
        "js-beautify": "^1.14.0",
        "node-fetch": "^3.2.0",
        "picocolors": "^1.0.0",
        "react": "^17.0.2",
        "react-dom": "^17.0.2",
        "react-helmet": "^6.1.0",
        "react-router-dom": "^6.2.1",
        "remark-frontmatter": "^4.0.1",
        "remark-gfm": "^3.0.1",
        "remark-highlight.js": "^7.0.1",
        "remark-mdx-frontmatter": "^1.1.1",
        "tiny-glob": "^0.2.9",
        "tsup": "^5.11.13",
        "typescript": "^4.5.5",
        "vite": "^2.8.4"
      }
    },
    "object-assign": {
      "version": "4.1.1",
      "resolved": "https://registry.npmjs.org/object-assign/-/object-assign-4.1.1.tgz",
      "integrity": "sha1-IQmtx5ZYh8/AXLvUQsrIv7s2CGM=",
      "dev": true
    },
    "react": {
      "version": "17.0.2",
      "resolved": "https://registry.npmjs.org/react/-/react-17.0.2.tgz",
      "integrity": "sha512-gnhPt75i/dq/z3/6q/0asP78D0u592D5L1pd7M8P+dck6Fu/jJeL6iVVK23fptSUZj8Vjf++7wXA8UNclGQcbA==",
      "dev": true,
      "requires": {
        "loose-envify": "^1.1.0",
        "object-assign": "^4.1.1"
      }
    },
    "react-dom": {
      "version": "17.0.2",
      "resolved": "https://registry.npmjs.org/react-dom/-/react-dom-17.0.2.tgz",
      "integrity": "sha512-s4h96KtLDUQlsENhMn1ar8t2bEa+q/YAtj8pPPdIjPDGBDIVNsrD9aXNWqspUe6AzKCIG0C1HZZLqLV7qpOBGA==",
      "dev": true,
      "requires": {
        "loose-envify": "^1.1.0",
        "object-assign": "^4.1.1",
        "scheduler": "^0.20.2"
      }
    },
    "scheduler": {
      "version": "0.20.2",
      "resolved": "https://registry.npmjs.org/scheduler/-/scheduler-0.20.2.tgz",
      "integrity": "sha512-2eWfGgAqqWFGqtdMmcL5zCMK1U8KlXv8SQFGglL3CEtd0aDVDWgeF/YoCmvln55m5zSk3J/20hTaSBeSObsQDQ==",
      "dev": true,
      "requires": {
        "loose-envify": "^1.1.0",
        "object-assign": "^4.1.1"
      }
    }
  }
}
