{
  "name": "minista-test",
  "lockfileVersion": 2,
  "requires": true,
  "packages": {
    "": {
      "name": "minista-test",
      "dependencies": {
        "minista": "file:.."
      }
    },
    "..": {
      "version": "0.1.0",
      "license": "MIT",
      "dependencies": {
        "@babel/core": "^7.13.10",
        "@babel/preset-react": "^7.12.13",
        "babel-loader": "^8.2.2",
        "glob": "^7.1.6",
        "html-webpack-plugin": "^5.3.1",
        "js-beautify": "^1.13.5",
        "react": "^17.0.1",
        "react-dom": "^17.0.1",
        "react-helmet": "^6.1.0",
        "webpack": "^5.26.3"
      },
      "bin": {
        "minista": "cli.js"
      }
    },
    "node_modules/minista": {
      "resolved": "..",
      "link": true
    }
  },
  "dependencies": {
    "minista": {
      "version": "file:..",
      "requires": {
        "@babel/core": "^7.13.10",
        "@babel/preset-react": "^7.12.13",
        "babel-loader": "^8.2.2",
        "glob": "^7.1.6",
        "html-webpack-plugin": "^5.3.1",
        "js-beautify": "^1.13.5",
        "react": "^17.0.1",
        "react-dom": "^17.0.1",
        "react-helmet": "^6.1.0",
        "webpack": "^5.26.3"
      }
    }
  }
}
