{
  "name": "minista-test",
  "lockfileVersion": 2,
  "requires": true,
  "packages": {
    "": {
      "name": "minista-test",
      "dependencies": {
        "shitajicss": "^6.0.0",
        "yakuhanjp": "^3.4.1"
      },
      "devDependencies": {
        "minista": "file:.."
      }
    },
    "..": {
      "version": "0.3.0",
      "dev": true,
      "license": "MIT",
      "dependencies": {
        "@babel/core": "^7.13.10",
        "@babel/preset-react": "^7.12.13",
        "babel-loader": "^8.2.2",
        "css-loader": "^5.1.3",
        "css-minimizer-webpack-plugin": "^1.3.0",
        "glob": "^7.1.6",
        "html-webpack-plugin": "^5.3.1",
        "js-beautify": "^1.13.5",
        "mini-css-extract-plugin": "^1.3.9",
        "react": "^17.0.1",
        "react-dom": "^17.0.1",
        "react-helmet": "^6.1.0",
        "webpack": "^5.26.3"
      },
      "bin": {
        "minista": "cli.js"
      }
    },
    "node_modules/minista": {
      "resolved": "..",
      "link": true
    },
    "node_modules/shitajicss": {
      "version": "6.0.0",
      "resolved": "https://registry.npmjs.org/shitajicss/-/shitajicss-6.0.0.tgz",
      "integrity": "sha512-KxvlHCwuWpXLM735HKDOCYNXSYSTrHA5NIHQz8/ULGexIayBV7inqWuBPKJ8UuI9vfOUVGpuJWPpzIsRWyJV2Q=="
    },
    "node_modules/yakuhanjp": {
      "version": "3.4.1",
      "resolved": "https://registry.npmjs.org/yakuhanjp/-/yakuhanjp-3.4.1.tgz",
      "integrity": "sha512-k10oh2d6Xh/I3MCZLsvs0w2Vea2DdARip6AI3OPZPPfwPUM8HygxS/SjpEYd70d3ug/xOWTe1rhlT9xttFP9UA=="
    }
  },
  "dependencies": {
    "minista": {
      "version": "file:..",
      "requires": {
        "@babel/core": "^7.13.10",
        "@babel/preset-react": "^7.12.13",
        "babel-loader": "^8.2.2",
        "css-loader": "^5.1.3",
        "css-minimizer-webpack-plugin": "^1.3.0",
        "glob": "^7.1.6",
        "html-webpack-plugin": "^5.3.1",
        "js-beautify": "^1.13.5",
        "mini-css-extract-plugin": "^1.3.9",
        "react": "^17.0.1",
        "react-dom": "^17.0.1",
        "react-helmet": "^6.1.0",
        "webpack": "^5.26.3"
      }
    },
    "shitajicss": {
      "version": "6.0.0",
      "resolved": "https://registry.npmjs.org/shitajicss/-/shitajicss-6.0.0.tgz",
      "integrity": "sha512-KxvlHCwuWpXLM735HKDOCYNXSYSTrHA5NIHQz8/ULGexIayBV7inqWuBPKJ8UuI9vfOUVGpuJWPpzIsRWyJV2Q=="
    },
    "yakuhanjp": {
      "version": "3.4.1",
      "resolved": "https://registry.npmjs.org/yakuhanjp/-/yakuhanjp-3.4.1.tgz",
      "integrity": "sha512-k10oh2d6Xh/I3MCZLsvs0w2Vea2DdARip6AI3OPZPPfwPUM8HygxS/SjpEYd70d3ug/xOWTe1rhlT9xttFP9UA=="
    }
  }
}
